
Microsoft Visual Studio Solution File, Format Version 12.00
# Visual Studio Version 17
VisualStudioVersion = 17.2.32519.379
MinimumVisualStudioVersion = 10.0.40219.1
Project("{FAE04EC0-301F-11D3-BF4B-00C04F79EFBC}") = "Polymorphism", "Polymorphism\Polymorphism.csproj", "{D45654D3-556A-4A11-BBC8-8758B606D50C}"
EndProject
Global
	GlobalSection(SolutionConfigurationPlatforms) = preSolution
		Debug|Any CPU = Debug|Any CPU
		Release|Any CPU = Release|Any CPU
	EndGlobalSection
	GlobalSection(ProjectConfigurationPlatforms) = postSolution
		{D45654D3-556A-4A11-BBC8-8758B606D50C}.Debug|Any CPU.ActiveCfg = Debug|Any CPU
		{D45654D3-556A-4A11-BBC8-8758B606D50C}.Debug|Any CPU.Build.0 = Debug|Any CPU
		{D45654D3-556A-4A11-BBC8-8758B606D50C}.Release|Any CPU.ActiveCfg = Release|Any CPU
		{D45654D3-556A-4A11-BBC8-8758B606D50C}.Release|Any CPU.Build.0 = Release|Any CPU
	EndGlobalSection
	GlobalSection(SolutionProperties) = preSolution
		HideSolutionNode = FALSE
	EndGlobalSection
	GlobalSection(ExtensibilityGlobals) = postSolution
		SolutionGuid = {41241E61-71FF-4DE0-AEF8-833B249E36CD}
	EndGlobalSection
EndGlobal
